
Microsoft Visual Studio Solution File, Format Version 12.00
# Visual Studio Version 16
VisualStudioVersion = 16.0.31624.102
MinimumVisualStudioVersion = 10.0.40219.1
Project("{FAE04EC0-301F-11D3-BF4B-00C04F79EFBC}") = "Fraction Calculator", "Fraction Calculator\Fraction Calculator.csproj", "{4995D24C-5B92-41A7-A16F-D4300169E875}"
EndProject
Global
	GlobalSection(SolutionConfigurationPlatforms) = preSolution
		Debug|Any CPU = Debug|Any CPU
		Release|Any CPU = Release|Any CPU
	EndGlobalSection
	GlobalSection(ProjectConfigurationPlatforms) = postSolution
		{4995D24C-5B92-41A7-A16F-D4300169E875}.Debug|Any CPU.ActiveCfg = Debug|Any CPU
		{4995D24C-5B92-41A7-A16F-D4300169E875}.Debug|Any CPU.Build.0 = Debug|Any CPU
		{4995D24C-5B92-41A7-A16F-D4300169E875}.Release|Any CPU.ActiveCfg = Release|Any CPU
		{4995D24C-5B92-41A7-A16F-D4300169E875}.Release|Any CPU.Build.0 = Release|Any CPU
	EndGlobalSection
	GlobalSection(SolutionProperties) = preSolution
		HideSolutionNode = FALSE
	EndGlobalSection
	GlobalSection(ExtensibilityGlobals) = postSolution
		SolutionGuid = {168DEE97-4FCD-4428-B162-235F1FE2383F}
	EndGlobalSection
EndGlobal
